
Microsoft Visual Studio Solution File, Format Version 12.00
# Visual Studio Version 17
VisualStudioVersion = 17.5.002.0
MinimumVisualStudioVersion = 10.0.40219.1
Project("{9A19103F-16F7-4668-BE54-9A1E7A4F7556}") = "TestManager", "TestManager.csproj", "{B2C56108-588E-4973-9713-D08564879460}"
EndProject
Global
	GlobalSection(SolutionConfigurationPlatforms) = preSolution
		Debug|Any CPU = Debug|Any CPU
		Release|Any CPU = Release|Any CPU
	EndGlobalSection
	GlobalSection(ProjectConfigurationPlatforms) = postSolution
		{B2C56108-588E-4973-9713-D08564879460}.Debug|Any CPU.ActiveCfg = Debug|Any CPU
		{B2C56108-588E-4973-9713-D08564879460}.Debug|Any CPU.Build.0 = Debug|Any CPU
		{B2C56108-588E-4973-9713-D08564879460}.Release|Any CPU.ActiveCfg = Release|Any CPU
		{B2C56108-588E-4973-9713-D08564879460}.Release|Any CPU.Build.0 = Release|Any CPU
	EndGlobalSection
	GlobalSection(SolutionProperties) = preSolution
		HideSolutionNode = FALSE
	EndGlobalSection
	GlobalSection(ExtensibilityGlobals) = postSolution
		SolutionGuid = {C59FC26B-9ECD-40D9-A322-94B42A6EE3AD}
	EndGlobalSection
EndGlobal
